// !$*UTF8*$!
{
	archiveVersion = 1;
	classes = {
	};
	objectVersion = 48;
	objects = {

/* Begin PBXBuildFile section */
		5A042ED52074E48B00328C5A /* AppDetailVC.swift in Sources */ = {isa = PBXBuildFile; fileRef = 5A042ED42074E48B00328C5A /* AppDetailVC.swift */; };
		5A65FC2B207347790034A7EB /* AppDelegate.swift in Sources */ = {isa = PBXBuildFile; fileRef = 5A65FC2A207347790034A7EB /* AppDelegate.swift */; };
		5A65FC2D207347790034A7EB /* FeaturedVC.swift in Sources */ = {isa = PBXBuildFile; fileRef = 5A65FC2C207347790034A7EB /* FeaturedVC.swift */; };
		5A65FC32207347790034A7EB /* Assets.xcassets in Resources */ = {isa = PBXBuildFile; fileRef = 5A65FC31207347790034A7EB /* Assets.xcassets */; };
		5A65FC35207347790034A7EB /* LaunchScreen.storyboard in Resources */ = {isa = PBXBuildFile; fileRef = 5A65FC33207347790034A7EB /* LaunchScreen.storyboard */; };
		5A65FC3D20734D060034A7EB /* CategoryCell.swift in Sources */ = {isa = PBXBuildFile; fileRef = 5A65FC3C20734D060034A7EB /* CategoryCell.swift */; };
		5A65FC3F20734E460034A7EB /* Extensions.swift in Sources */ = {isa = PBXBuildFile; fileRef = 5A65FC3E20734E460034A7EB /* Extensions.swift */; };
		5A65FC42207354DB0034A7EB /* CellFiles.swift in Sources */ = {isa = PBXBuildFile; fileRef = 5A65FC41207354DB0034A7EB /* CellFiles.swift */; };
		5A65FC44207363E30034A7EB /* Models.swift in Sources */ = {isa = PBXBuildFile; fileRef = 5A65FC43207363E30034A7EB /* Models.swift */; };
		5A7085562074A53B00C719C3 /* ActivityVC.swift in Sources */ = {isa = PBXBuildFile; fileRef = 5A7085552074A53B00C719C3 /* ActivityVC.swift */; };
/* End PBXBuildFile section */

/* Begin PBXFileReference section */
		5A042ED42074E48B00328C5A /* AppDetailVC.swift */ = {isa = PBXFileReference; lastKnownFileType = sourcecode.swift; path = AppDetailVC.swift; sourceTree = "<group>"; };
		5A65FC27207347790034A7EB /* MyAPPStore.app */ = {isa = PBXFileReference; explicitFileType = wrapper.application; includeInIndex = 0; path = MyAPPStore.app; sourceTree = BUILT_PRODUCTS_DIR; };
		5A65FC2A207347790034A7EB /* AppDelegate.swift */ = {isa = PBXFileReference; lastKnownFileType = sourcecode.swift; path = AppDelegate.swift; sourceTree = "<group>"; };
		5A65FC2C207347790034A7EB /* FeaturedVC.swift */ = {isa = PBXFileReference; lastKnownFileType = sourcecode.swift; path = FeaturedVC.swift; sourceTree = "<group>"; };
		5A65FC31207347790034A7EB /* Assets.xcassets */ = {isa = PBXFileReference; lastKnownFileType = folder.assetcatalog; path = Assets.xcassets; sourceTree = "<group>"; };
		5A65FC34207347790034A7EB /* Base */ = {isa = PBXFileReference; lastKnownFileType = file.storyboard; name = Base; path = Base.lproj/LaunchScreen.storyboard; sourceTree = "<group>"; };
		5A65FC36207347790034A7EB /* Info.plist */ = {isa = PBXFileReference; lastKnownFileType = text.plist.xml; path = Info.plist; sourceTree = "<group>"; };
		5A65FC3C20734D060034A7EB /* CategoryCell.swift */ = {isa = PBXFileReference; lastKnownFileType = sourcecode.swift; path = CategoryCell.swift; sourceTree = "<group>"; };
		5A65FC3E20734E460034A7EB /* Extensions.swift */ = {isa = PBXFileReference; lastKnownFileType = sourcecode.swift; path = Extensions.swift; sourceTree = "<group>"; };
		5A65FC41207354DB0034A7EB /* CellFiles.swift */ = {isa = PBXFileReference; lastKnownFileType = sourcecode.swift; path = CellFiles.swift; sourceTree = "<group>"; };
		5A65FC43207363E30034A7EB /* Models.swift */ = {isa = PBXFileReference; lastKnownFileType = sourcecode.swift; path = Models.swift; sourceTree = "<group>"; };
		5A7085552074A53B00C719C3 /* ActivityVC.swift */ = {isa = PBXFileReference; lastKnownFileType = sourcecode.swift; path = ActivityVC.swift; sourceTree = "<group>"; };
/* End PBXFileReference section */

/* Begin PBXFrameworksBuildPhase section */
		5A65FC24207347790034A7EB /* Frameworks */ = {
			isa = PBXFrameworksBuildPhase;
			buildActionMask = 2147483647;
			files = (
			);
			runOnlyForDeploymentPostprocessing = 0;
		};
/* End PBXFrameworksBuildPhase section */

/* Begin PBXGroup section */
		5A65FC1E207347790034A7EB = {
			isa = PBXGroup;
			children = (
				5A65FC40207354B30034A7EB /* Cells */,
				5A65FC29207347790034A7EB /* MyAPPStore */,
				5A65FC28207347790034A7EB /* Products */,
			);
			sourceTree = "<group>";
		};
		5A65FC28207347790034A7EB /* Products */ = {
			isa = PBXGroup;
			children = (
				5A65FC27207347790034A7EB /* MyAPPStore.app */,
			);
			name = Products;
			sourceTree = "<group>";
		};
		5A65FC29207347790034A7EB /* MyAPPStore */ = {
			isa = PBXGroup;
			children = (
				5A65FC3E20734E460034A7EB /* Extensions.swift */,
				5A65FC2A207347790034A7EB /* AppDelegate.swift */,
				5A65FC2C207347790034A7EB /* FeaturedVC.swift */,
				5A042ED42074E48B00328C5A /* AppDetailVC.swift */,
				5A65FC31207347790034A7EB /* Assets.xcassets */,
				5A65FC33207347790034A7EB /* LaunchScreen.storyboard */,
				5A65FC36207347790034A7EB /* Info.plist */,
				5A65FC43207363E30034A7EB /* Models.swift */,
				5A7085552074A53B00C719C3 /* ActivityVC.swift */,
			);
			path = MyAPPStore;
			sourceTree = "<group>";
		};
		5A65FC40207354B30034A7EB /* Cells */ = {
			isa = PBXGroup;
			children = (
				5A65FC3C20734D060034A7EB /* CategoryCell.swift */,
				5A65FC41207354DB0034A7EB /* CellFiles.swift */,
			);
			path = Cells;
			sourceTree = "<group>";
		};
/* End PBXGroup section */

/* Begin PBXNativeTarget section */
		5A65FC26207347790034A7EB /* MyAPPStore */ = {
			isa = PBXNativeTarget;
			buildConfigurationList = 5A65FC39207347790034A7EB /* Build configuration list for PBXNativeTarget "MyAPPStore" */;
			buildPhases = (
				5A65FC23207347790034A7EB /* Sources */,
				5A65FC24207347790034A7EB /* Frameworks */,
				5A65FC25207347790034A7EB /* Resources */,
			);
			buildRules = (
			);
			dependencies = (
			);
			name = MyAPPStore;
			productName = MyAPPStore;
			productReference = 5A65FC27207347790034A7EB /* MyAPPStore.app */;
			productType = "com.apple.product-type.application";
		};
/* End PBXNativeTarget section */

/* Begin PBXProject section */
		5A65FC1F207347790034A7EB /* Project object */ = {
			isa = PBXProject;
			attributes = {
				LastSwiftUpdateCheck = 0920;
				LastUpgradeCheck = 0930;
				ORGANIZATIONNAME = "Leela Prasad";
				TargetAttributes = {
					5A65FC26207347790034A7EB = {
						CreatedOnToolsVersion = 9.2;
						ProvisioningStyle = Automatic;
					};
				};
			};
			buildConfigurationList = 5A65FC22207347790034A7EB /* Build configuration list for PBXProject "MyAPPStore" */;
			compatibilityVersion = "Xcode 8.0";
			developmentRegion = en;
			hasScannedForEncodings = 0;
			knownRegions = (
				en,
				Base,
			);
			mainGroup = 5A65FC1E207347790034A7EB;
			productRefGroup = 5A65FC28207347790034A7EB /* Products */;
			projectDirPath = "";
			projectRoot = "";
			targets = (
				5A65FC26207347790034A7EB /* MyAPPStore */,
			);
		};
/* End PBXProject section */

/* Begin PBXResourcesBuildPhase section */
		5A65FC25207347790034A7EB /* Resources */ = {
			isa = PBXResourcesBuildPhase;
			buildActionMask = 2147483647;
			files = (
				5A65FC35207347790034A7EB /* LaunchScreen.storyboard in Resources */,
				5A65FC32207347790034A7EB /* Assets.xcassets in Resources */,
			);
			runOnlyForDeploymentPostprocessing = 0;
		};
/* End PBXResourcesBuildPhase section */

/* Begin PBXSourcesBuildPhase section */
		5A65FC23207347790034A7EB /* Sources */ = {
			isa = PBXSourcesBuildPhase;
			buildActionMask = 2147483647;
			files = (
				5A65FC42207354DB0034A7EB /* CellFiles.swift in Sources */,
				5A042ED52074E48B00328C5A /* AppDetailVC.swift in Sources */,
				5A65FC2D207347790034A7EB /* FeaturedVC.swift in Sources */,
				5A65FC2B207347790034A7EB /* AppDelegate.swift in Sources */,
				5A65FC44207363E30034A7EB /* Models.swift in Sources */,
				5A65FC3D20734D060034A7EB /* CategoryCell.swift in Sources */,
				5A7085562074A53B00C719C3 /* ActivityVC.swift in Sources */,
				5A65FC3F20734E460034A7EB /* Extensions.swift in Sources */,
			);
			runOnlyForDeploymentPostprocessing = 0;
		};
/* End PBXSourcesBuildPhase section */

/* Begin PBXVariantGroup section */
		5A65FC33207347790034A7EB /* LaunchScreen.storyboard */ = {
			isa = PBXVariantGroup;
			children = (
				5A65FC34207347790034A7EB /* Base */,
			);
			name = LaunchScreen.storyboard;
			sourceTree = "<group>";
		};
/* End PBXVariantGroup section */

/* Begin XCBuildConfiguration section */
		5A65FC37207347790034A7EB /* Debug */ = {
			isa = XCBuildConfiguration;
			buildSettings = {
				ALWAYS_SEARCH_USER_PATHS = NO;
				CLANG_ANALYZER_NONNULL = YES;
				CLANG_ANALYZER_NUMBER_OBJECT_CONVERSION = YES_AGGRESSIVE;
				CLANG_CXX_LANGUAGE_STANDARD = "gnu++14";
				CLANG_CXX_LIBRARY = "libc++";
				CLANG_ENABLE_MODULES = YES;
				CLANG_ENABLE_OBJC_ARC = YES;
				CLANG_WARN_BLOCK_CAPTURE_AUTORELEASING = YES;
				CLANG_WARN_BOOL_CONVERSION = YES;
				CLANG_WARN_COMMA = YES;
				CLANG_WARN_CONSTANT_CONVERSION = YES;
				CLANG_WARN_DEPRECATED_OBJC_IMPLEMENTATIONS = YES;
				CLANG_WARN_DIRECT_OBJC_ISA_USAGE = YES_ERROR;
				CLANG_WARN_DOCUMENTATION_COMMENTS = YES;
				CLANG_WARN_EMPTY_BODY = YES;
				CLANG_WARN_ENUM_CONVERSION = YES;
				CLANG_WARN_INFINITE_RECURSION = YES;
				CLANG_WARN_INT_CONVERSION = YES;
				CLANG_WARN_NON_LITERAL_NULL_CONVERSION = YES;
				CLANG_WARN_OBJC_IMPLICIT_RETAIN_SELF = YES;
				CLANG_WARN_OBJC_LITERAL_CONVERSION = YES;
				CLANG_WARN_OBJC_ROOT_CLASS = YES_ERROR;
				CLANG_WARN_RANGE_LOOP_ANALYSIS = YES;
				CLANG_WARN_STRICT_PROTOTYPES = YES;
				CLANG_WARN_SUSPICIOUS_MOVE = YES;
				CLANG_WARN_UNGUARDED_AVAILABILITY = YES_AGGRESSIVE;
				CLANG_WARN_UNREACHABLE_CODE = YES;
				CLANG_WARN__DUPLICATE_METHOD_MATCH = YES;
				CODE_SIGN_IDENTITY = "iPhone Developer";
				COPY_PHASE_STRIP = NO;
				DEBUG_INFORMATION_FORMAT = dwarf;
				ENABLE_STRICT_OBJC_MSGSEND = YES;
				ENABLE_TESTABILITY = YES;
				GCC_C_LANGUAGE_STANDARD = gnu11;
				GCC_DYNAMIC_NO_PIC = NO;
				GCC_NO_COMMON_BLOCKS = YES;
				GCC_OPTIMIZATION_LEVEL = 0;
				GCC_PREPROCESSOR_DEFINITIONS = (
					"DEBUG=1",
					"$(inherited)",
				);
				GCC_WARN_64_TO_32_BIT_CONVERSION = YES;
				GCC_WARN_ABOUT_RETURN_TYPE = YES_ERROR;
				GCC_WARN_UNDECLARED_SELECTOR = YES;
				GCC_WARN_UNINITIALIZED_AUTOS = YES_AGGRESSIVE;
				GCC_WARN_UNUSED_FUNCTION = YES;
				GCC_WARN_UNUSED_VARIABLE = YES;
				IPHONEOS_DEPLOYMENT_TARGET = 11.2;
				MTL_ENABLE_DEBUG_INFO = YES;
				ONLY_ACTIVE_ARCH = YES;
				SDKROOT = iphoneos;
				SWIFT_ACTIVE_COMPILATION_CONDITIONS = DEBUG;
				SWIFT_OPTIMIZATION_LEVEL = "-Onone";
			};
			name = Debug;
		};
		5A65FC38207347790034A7EB /* Release */ = {
			isa = XCBuildConfiguration;
			buildSettings = {
				ALWAYS_SEARCH_USER_PATHS = NO;
				CLANG_ANALYZER_NONNULL = YES;
				CLANG_ANALYZER_NUMBER_OBJECT_CONVERSION = YES_AGGRESSIVE;
				CLANG_CXX_LANGUAGE_STANDARD = "gnu++14";
				CLANG_CXX_LIBRARY = "libc++";
				CLANG_ENABLE_MODULES = YES;
				CLANG_ENABLE_OBJC_ARC = YES;
				CLANG_WARN_BLOCK_CAPTURE_AUTORELEASING = YES;
				CLANG_WARN_BOOL_CONVERSION = YES;
				CLANG_WARN_COMMA = YES;
				CLANG_WARN_CONSTANT_CONVERSION = YES;
				CLANG_WARN_DEPRECATED_OBJC_IMPLEMENTATIONS = YES;
				CLANG_WARN_DIRECT_OBJC_ISA_USAGE = YES_ERROR;
				CLANG_WARN_DOCUMENTATION_COMMENTS = YES;
				CLANG_WARN_EMPTY_BODY = YES;
				CLANG_WARN_ENUM_CONVERSION = YES;
				CLANG_WARN_INFINITE_RECURSION = YES;
				CLANG_WARN_INT_CONVERSION = YES;
				CLANG_WARN_NON_LITERAL_NULL_CONVERSION = YES;
				CLANG_WARN_OBJC_IMPLICIT_RETAIN_SELF = YES;
				CLANG_WARN_OBJC_LITERAL_CONVERSION = YES;
				CLANG_WARN_OBJC_ROOT_CLASS = YES_ERROR;
				CLANG_WARN_RANGE_LOOP_ANALYSIS = YES;
				CLANG_WARN_STRICT_PROTOTYPES = YES;
				CLANG_WARN_SUSPICIOUS_MOVE = YES;
				CLANG_WARN_UNGUARDED_AVAILABILITY = YES_AGGRESSIVE;
				CLANG_WARN_UNREACHABLE_CODE = YES;
				CLANG_WARN__DUPLICATE_METHOD_MATCH = YES;
				CODE_SIGN_IDENTITY = "iPhone Developer";
				COPY_PHASE_STRIP = NO;
				DEBUG_INFORMATION_FORMAT = "dwarf-with-dsym";
				ENABLE_NS_ASSERTIONS = NO;
				ENABLE_STRICT_OBJC_MSGSEND = YES;
				GCC_C_LANGUAGE_STANDARD = gnu11;
				GCC_NO_COMMON_BLOCKS = YES;
				GCC_WARN_64_TO_32_BIT_CONVERSION = YES;
				GCC_WARN_ABOUT_RETURN_TYPE = YES_ERROR;
				GCC_WARN_UNDECLARED_SELECTOR = YES;
				GCC_WARN_UNINITIALIZED_AUTOS = YES_AGGRESSIVE;
				GCC_WARN_UNUSED_FUNCTION = YES;
				GCC_WARN_UNUSED_VARIABLE = YES;
				IPHONEOS_DEPLOYMENT_TARGET = 11.2;
				MTL_ENABLE_DEBUG_INFO = NO;
				SDKROOT = iphoneos;
				SWIFT_OPTIMIZATION_LEVEL = "-Owholemodule";
				VALIDATE_PRODUCT = YES;
			};
			name = Release;
		};
		5A65FC3A207347790034A7EB /* Debug */ = {
			isa = XCBuildConfiguration;
			buildSettings = {
				ASSETCATALOG_COMPILER_APPICON_NAME = AppIcon;
				CODE_SIGN_STYLE = Automatic;
				DEVELOPMENT_TEAM = 5LC376D52F;
				INFOPLIST_FILE = MyAPPStore/Info.plist;
				LD_RUNPATH_SEARCH_PATHS = "$(inherited) @executable_path/Frameworks";
				PRODUCT_BUNDLE_IDENTIFIER = ssss.MyAPPStore;
				PRODUCT_NAME = "$(TARGET_NAME)";
				SWIFT_VERSION = 4.0;
				TARGETED_DEVICE_FAMILY = "1,2";
			};
			name = Debug;
		};
		5A65FC3B207347790034A7EB /* Release */ = {
			isa = XCBuildConfiguration;
			buildSettings = {
				ASSETCATALOG_COMPILER_APPICON_NAME = AppIcon;
				CODE_SIGN_STYLE = Automatic;
				DEVELOPMENT_TEAM = 5LC376D52F;
				INFOPLIST_FILE = MyAPPStore/Info.plist;
				LD_RUNPATH_SEARCH_PATHS = "$(inherited) @executable_path/Frameworks";
				PRODUCT_BUNDLE_IDENTIFIER = ssss.MyAPPStore;
				PRODUCT_NAME = "$(TARGET_NAME)";
				SWIFT_VERSION = 4.0;
				TARGETED_DEVICE_FAMILY = "1,2";
			};
			name = Release;
		};
/* End XCBuildConfiguration section */

/* Begin XCConfigurationList section */
		5A65FC22207347790034A7EB /* Build configuration list for PBXProject "MyAPPStore" */ = {
			isa = XCConfigurationList;
			buildConfigurations = (
				5A65FC37207347790034A7EB /* Debug */,
				5A65FC38207347790034A7EB /* Release */,
			);
			defaultConfigurationIsVisible = 0;
			defaultConfigurationName = Release;
		};
		5A65FC39207347790034A7EB /* Build configuration list for PBXNativeTarget "MyAPPStore" */ = {
			isa = XCConfigurationList;
			buildConfigurations = (
				5A65FC3A207347790034A7EB /* Debug */,
				5A65FC3B207347790034A7EB /* Release */,
			);
			defaultConfigurationIsVisible = 0;
			defaultConfigurationName = Release;
		};
/* End XCConfigurationList section */
	};
	rootObject = 5A65FC1F207347790034A7EB /* Project object */;
}
